
Microsoft Visual Studio Solution File, Format Version 12.00
# Visual Studio Version 16
VisualStudioVersion = 16.0.30804.86
MinimumVisualStudioVersion = 10.0.40219.1
Project("{FAE04EC0-301F-11D3-BF4B-00C04F79EFBC}") = "PrimerConsola", "PrimerConsola\PrimerConsola.csproj", "{CD6194D6-9597-4F64-A0C5-B4231A41770A}"
EndProject
Global
	GlobalSection(SolutionConfigurationPlatforms) = preSolution
		Debug|Any CPU = Debug|Any CPU
		Release|Any CPU = Release|Any CPU
	EndGlobalSection
	GlobalSection(ProjectConfigurationPlatforms) = postSolution
		{CD6194D6-9597-4F64-A0C5-B4231A41770A}.Debug|Any CPU.ActiveCfg = Debug|Any CPU
		{CD6194D6-9597-4F64-A0C5-B4231A41770A}.Debug|Any CPU.Build.0 = Debug|Any CPU
		{CD6194D6-9597-4F64-A0C5-B4231A41770A}.Release|Any CPU.ActiveCfg = Release|Any CPU
		{CD6194D6-9597-4F64-A0C5-B4231A41770A}.Release|Any CPU.Build.0 = Release|Any CPU
	EndGlobalSection
	GlobalSection(SolutionProperties) = preSolution
		HideSolutionNode = FALSE
	EndGlobalSection
	GlobalSection(ExtensibilityGlobals) = postSolution
		SolutionGuid = {DFD2698C-9572-4ABE-85FC-A06D1C9C20FE}
	EndGlobalSection
EndGlobal
